
Microsoft Visual Studio Solution File, Format Version 11.00
# Visual Studio 2010
Project("{159641D6-6404-4A2A-AE62-294DE0FE8301}") = "Bikeshare", "Bikeshare\Bikeshare.dtproj", "{CED3CBF3-0DE4-4341-8E54-B7DE863AE8DB}"
EndProject
Global
	GlobalSection(SolutionConfigurationPlatforms) = preSolution
		Development|Default = Development|Default
	EndGlobalSection
	GlobalSection(ProjectConfigurationPlatforms) = postSolution
		{CED3CBF3-0DE4-4341-8E54-B7DE863AE8DB}.Development|Default.ActiveCfg = Development
		{CED3CBF3-0DE4-4341-8E54-B7DE863AE8DB}.Development|Default.Build.0 = Development
	EndGlobalSection
	GlobalSection(SolutionProperties) = preSolution
		HideSolutionNode = FALSE
	EndGlobalSection
EndGlobal
